
Microsoft Visual Studio Solution File, Format Version 12.00
# Visual Studio Version 17
VisualStudioVersion = 17.5.33627.172
MinimumVisualStudioVersion = 10.0.40219.1
Project("{FAE04EC0-301F-11D3-BF4B-00C04F79EFBC}") = "PTPMUD_Project", "PTPMUD_Project.csproj", "{210188CE-9EC2-484D-B29D-56633477A155}"
EndProject
Global
	GlobalSection(SolutionConfigurationPlatforms) = preSolution
		Debug|Any CPU = Debug|Any CPU
		Release|Any CPU = Release|Any CPU
	EndGlobalSection
	GlobalSection(ProjectConfigurationPlatforms) = postSolution
		{210188CE-9EC2-484D-B29D-56633477A155}.Debug|Any CPU.ActiveCfg = Debug|Any CPU
		{210188CE-9EC2-484D-B29D-56633477A155}.Debug|Any CPU.Build.0 = Debug|Any CPU
		{210188CE-9EC2-484D-B29D-56633477A155}.Release|Any CPU.ActiveCfg = Release|Any CPU
		{210188CE-9EC2-484D-B29D-56633477A155}.Release|Any CPU.Build.0 = Release|Any CPU
	EndGlobalSection
	GlobalSection(SolutionProperties) = preSolution
		HideSolutionNode = FALSE
	EndGlobalSection
	GlobalSection(ExtensibilityGlobals) = postSolution
		SolutionGuid = {2C1CE24C-BF78-4347-8291-6C75F06E70C9}
	EndGlobalSection
EndGlobal
